
Microsoft Visual Studio Solution File, Format Version 12.00
# Visual Studio Version 16
VisualStudioVersion = 25.0.1706.4
MinimumVisualStudioVersion = 10.0.40219.1
Project("{FAE04EC0-301F-11D3-BF4B-00C04F79EFBC}") = "JasperCloud", "JasperCloud\JasperCloud.csproj", "{E1ED1B28-C096-4EDC-A7CD-83361963AFD3}"
EndProject
Global
	GlobalSection(SolutionConfigurationPlatforms) = preSolution
		Debug|Any CPU = Debug|Any CPU
		Release|Any CPU = Release|Any CPU
	EndGlobalSection
	GlobalSection(ProjectConfigurationPlatforms) = postSolution
		{E1ED1B28-C096-4EDC-A7CD-83361963AFD3}.Debug|Any CPU.ActiveCfg = Debug|Any CPU
		{E1ED1B28-C096-4EDC-A7CD-83361963AFD3}.Debug|Any CPU.Build.0 = Debug|Any CPU
		{E1ED1B28-C096-4EDC-A7CD-83361963AFD3}.Release|Any CPU.ActiveCfg = Release|Any CPU
		{E1ED1B28-C096-4EDC-A7CD-83361963AFD3}.Release|Any CPU.Build.0 = Release|Any CPU
	EndGlobalSection
	GlobalSection(SolutionProperties) = preSolution
		HideSolutionNode = FALSE
	EndGlobalSection
	GlobalSection(ExtensibilityGlobals) = postSolution
		SolutionGuid = {79DF7FB8-2A86-4F80-8D35-E9731C9BAB5C}
	EndGlobalSection
EndGlobal
